{
  "name": "tekenradar-studies",
  "version": "1.0.0",
  "lockfileVersion": 2,
  "requires": true,
  "packages": {
    "": {
      "name": "tekenradar-studies",
      "version": "1.0.0",
      "dependencies": {
        "@types/node": "^16.10.3",
        "case-editor-tools": "^1.0.0-beta.41",
        "typescript": "^4.4.3"
      }
    },
    "node_modules/@types/node": {
      "version": "16.10.3",
      "resolved": "https://registry.npmjs.org/@types/node/-/node-16.10.3.tgz",
      "integrity": "sha512-ho3Ruq+fFnBrZhUYI46n/bV2GjwzSkwuT4dTf0GkuNFmnb8nq4ny2z9JEVemFi6bdEJanHLlYfy9c6FN9B9McQ=="
    },
    "node_modules/case-editor-tools": {
      "version": "1.0.0-beta.41",
      "resolved": "https://registry.npmjs.org/case-editor-tools/-/case-editor-tools-1.0.0-beta.41.tgz",
      "integrity": "sha512-1BzbyRp7QZuksv4OISNINCXkbZt57sbuPGG9HgWnGDtEsrSzh5dX2b8kx3ZwIP3cLrivn0ljulr+gDRASQh0cg==",
      "dependencies": {
        "survey-engine": "^1.1.3"
      }
    },
    "node_modules/moment": {
      "version": "2.24.0",
      "resolved": "https://registry.npmjs.org/moment/-/moment-2.24.0.tgz",
      "integrity": "sha512-bV7f+6l2QigeBBZSM/6yTNq4P2fNpSWj/0e7jQcy87A8e7o2nAfP/34/2ky5Vw4B9S446EtIhodAzkFCcR4dQg==",
      "engines": {
        "node": "*"
      }
    },
    "node_modules/survey-engine": {
      "version": "1.1.3",
      "resolved": "https://registry.npmjs.org/survey-engine/-/survey-engine-1.1.3.tgz",
      "integrity": "sha512-/m2nQCzppJgY69i2gNS+QiGBRezuYGKMrPTmS/0jliCw8lgp18TOI0BmFF6CuX8IqO+4Ezx3DsJfYjJsW6gjJA==",
      "dependencies": {
        "moment": "2.24.0"
      }
    },
    "node_modules/typescript": {
      "version": "4.4.3",
      "resolved": "https://registry.npmjs.org/typescript/-/typescript-4.4.3.tgz",
      "integrity": "sha512-4xfscpisVgqqDfPaJo5vkd+Qd/ItkoagnHpufr+i2QCHBsNYp+G7UAoyFl8aPtx879u38wPV65rZ8qbGZijalA==",
      "bin": {
        "tsc": "bin/tsc",
        "tsserver": "bin/tsserver"
      },
      "engines": {
        "node": ">=4.2.0"
      }
    }
  },
  "dependencies": {
    "@types/node": {
      "version": "16.10.3",
      "resolved": "https://registry.npmjs.org/@types/node/-/node-16.10.3.tgz",
      "integrity": "sha512-ho3Ruq+fFnBrZhUYI46n/bV2GjwzSkwuT4dTf0GkuNFmnb8nq4ny2z9JEVemFi6bdEJanHLlYfy9c6FN9B9McQ=="
    },
    "case-editor-tools": {
      "version": "1.0.0-beta.41",
      "resolved": "https://registry.npmjs.org/case-editor-tools/-/case-editor-tools-1.0.0-beta.41.tgz",
      "integrity": "sha512-1BzbyRp7QZuksv4OISNINCXkbZt57sbuPGG9HgWnGDtEsrSzh5dX2b8kx3ZwIP3cLrivn0ljulr+gDRASQh0cg==",
      "requires": {
        "survey-engine": "^1.1.3"
      }
    },
    "moment": {
      "version": "2.24.0",
      "resolved": "https://registry.npmjs.org/moment/-/moment-2.24.0.tgz",
      "integrity": "sha512-bV7f+6l2QigeBBZSM/6yTNq4P2fNpSWj/0e7jQcy87A8e7o2nAfP/34/2ky5Vw4B9S446EtIhodAzkFCcR4dQg=="
    },
    "survey-engine": {
      "version": "1.1.3",
      "resolved": "https://registry.npmjs.org/survey-engine/-/survey-engine-1.1.3.tgz",
      "integrity": "sha512-/m2nQCzppJgY69i2gNS+QiGBRezuYGKMrPTmS/0jliCw8lgp18TOI0BmFF6CuX8IqO+4Ezx3DsJfYjJsW6gjJA==",
      "requires": {
        "moment": "2.24.0"
      }
    },
    "typescript": {
      "version": "4.4.3",
      "resolved": "https://registry.npmjs.org/typescript/-/typescript-4.4.3.tgz",
      "integrity": "sha512-4xfscpisVgqqDfPaJo5vkd+Qd/ItkoagnHpufr+i2QCHBsNYp+G7UAoyFl8aPtx879u38wPV65rZ8qbGZijalA=="
    }
  }
}
