{
  "name": "tekenradar-studies",
  "version": "1.0.0",
  "lockfileVersion": 1,
  "requires": true,
  "dependencies": {
    "@types/node": {
      "version": "16.10.3",
      "resolved": "https://registry.npmjs.org/@types/node/-/node-16.10.3.tgz",
      "integrity": "sha512-ho3Ruq+fFnBrZhUYI46n/bV2GjwzSkwuT4dTf0GkuNFmnb8nq4ny2z9JEVemFi6bdEJanHLlYfy9c6FN9B9McQ=="
    },
    "case-editor-tools": {
      "version": "1.0.0-beta.23",
      "resolved": "https://registry.npmjs.org/case-editor-tools/-/case-editor-tools-1.0.0-beta.23.tgz",
      "integrity": "sha512-V1govQ0CzL+Kij++zWlUKGue/Pxf5ES3k5WVMQUC3U052UfCiyhya3297YG0ps4QJub8mqe9iJc6fPzW9yvlJg==",
      "requires": {
        "survey-engine": "^1.0.2"
      }
    },
    "moment": {
      "version": "2.24.0",
      "resolved": "https://registry.npmjs.org/moment/-/moment-2.24.0.tgz",
      "integrity": "sha512-bV7f+6l2QigeBBZSM/6yTNq4P2fNpSWj/0e7jQcy87A8e7o2nAfP/34/2ky5Vw4B9S446EtIhodAzkFCcR4dQg=="
    },
    "survey-engine": {
      "version": "1.0.2",
      "resolved": "https://registry.npmjs.org/survey-engine/-/survey-engine-1.0.2.tgz",
      "integrity": "sha512-dXT7ogjCdWsRFdE4Khj0S79APv4QIGiJGpU5NzOFFsT47ESIifbba4tCJwRdQqIDqgE/GO6YzFh/1O6MLahPHQ==",
      "requires": {
        "moment": "2.24.0"
      }
    },
    "typescript": {
      "version": "4.4.3",
      "resolved": "https://registry.npmjs.org/typescript/-/typescript-4.4.3.tgz",
      "integrity": "sha512-4xfscpisVgqqDfPaJo5vkd+Qd/ItkoagnHpufr+i2QCHBsNYp+G7UAoyFl8aPtx879u38wPV65rZ8qbGZijalA=="
    }
  }
}
